
Microsoft Visual Studio Solution File, Format Version 12.00
# Visual Studio Version 16
VisualStudioVersion = 16.0.30002.166
MinimumVisualStudioVersion = 10.0.40219.1
Project("{FAE04EC0-301F-11D3-BF4B-00C04F79EFBC}") = "Day06CustomSandwich", "Day06CustomSandwich\Day06CustomSandwich.csproj", "{FAF3520B-CC2E-4056-B598-7B8A45CDCB04}"
EndProject
Global
	GlobalSection(SolutionConfigurationPlatforms) = preSolution
		Debug|Any CPU = Debug|Any CPU
		Release|Any CPU = Release|Any CPU
	EndGlobalSection
	GlobalSection(ProjectConfigurationPlatforms) = postSolution
		{FAF3520B-CC2E-4056-B598-7B8A45CDCB04}.Debug|Any CPU.ActiveCfg = Debug|Any CPU
		{FAF3520B-CC2E-4056-B598-7B8A45CDCB04}.Debug|Any CPU.Build.0 = Debug|Any CPU
		{FAF3520B-CC2E-4056-B598-7B8A45CDCB04}.Release|Any CPU.ActiveCfg = Release|Any CPU
		{FAF3520B-CC2E-4056-B598-7B8A45CDCB04}.Release|Any CPU.Build.0 = Release|Any CPU
	EndGlobalSection
	GlobalSection(SolutionProperties) = preSolution
		HideSolutionNode = FALSE
	EndGlobalSection
	GlobalSection(ExtensibilityGlobals) = postSolution
		SolutionGuid = {221CE482-99F6-419C-8C49-DF1D4AA20A99}
	EndGlobalSection
EndGlobal
